{
  "name": "FridgeMate",
  "lockfileVersion": 3,
  "requires": true,
  "packages": {
    "": {
      "dependencies": {
        "scanbot-web-sdk": "^8.0.0"
      }
    },
    "node_modules/scanbot-web-sdk": {
      "version": "8.0.0",
      "resolved": "https://registry.npmjs.org/scanbot-web-sdk/-/scanbot-web-sdk-8.0.0.tgz",
      "integrity": "sha512-pVAvrZGZwx9p4eP8CzQ8RnhIqwIxh6cJYtAT6oGyLyXxYiCSXQsWa5eTuA37rQitEtp/8j8KLAe2NBD2LzimLg==",
      "license": "Commercial"
    }
  }
}
